<?xml version="1.0" encoding="utf-8"?>
<Project ToolsVersion="4.0" xmlns="http://schemas.microsoft.com/developer/msbuild/2003">
  <ItemGroup>
    <ClInclude Include="bg_local.h" />
    <ClInclude Include="cg_local.h" />
    <ClInclude Include="g_local.h" />
    <ClInclude Include="g_statusbar.h" />
    <ClInclude Include="game.h" />
    <ClInclude Include="q_std.h" />
    <ClInclude Include="q_vec3.h" />
    <ClInclude Include="bots\bot_debug.h">
      <Filter>bots</Filter>
    </ClInclude>
    <ClInclude Include="bots\bot_exports.h">
      <Filter>bots</Filter>
    </ClInclude>
    <ClInclude Include="bots\bot_includes.h">
      <Filter>bots</Filter>
    </ClInclude>
    <ClInclude Include="bots\bot_think.h">
      <Filter>bots</Filter>
    </ClInclude>
    <ClInclude Include="bots\bot_utils.h">
      <Filter>bots</Filter>
    </ClInclude>
    <ClInclude Include="monsters\m_actor.h">
      <Filter>monsters</Filter>
    </ClInclude>
    <ClInclude Include="monsters\m_arachnid.h">
      <Filter>monsters</Filter>
    </ClInclude>
    <ClInclude Include="monsters\m_berserk.h">
      <Filter>monsters</Filter>
    </ClInclude>
    <ClInclude Include="monsters\m_boss2.h">
      <Filter>monsters</Filter>
    </ClInclude>
    <ClInclude Include="monsters\m_boss31.h">
      <Filter>monsters</Filter>
    </ClInclude>
    <ClInclude Include="monsters\m_boss32.h">
      <Filter>monsters</Filter>
    </ClInclude>
    <ClInclude Include="monsters\m_brain.h">
      <Filter>monsters</Filter>
    </ClInclude>
    <ClInclude Include="monsters\m_carrier.h">
      <Filter>monsters</Filter>
    </ClInclude>
    <ClInclude Include="monsters\m_chick.h">
      <Filter>monsters</Filter>
    </ClInclude>
    <ClInclude Include="monsters\m_fixbot.h">
      <Filter>monsters</Filter>
    </ClInclude>
    <ClInclude Include="monsters\m_flash.h">
      <Filter>monsters</Filter>
    </ClInclude>
    <ClInclude Include="monsters\m_flipper.h">
      <Filter>monsters</Filter>
    </ClInclude>
    <ClInclude Include="monsters\m_float.h">
      <Filter>monsters</Filter>
    </ClInclude>
    <ClInclude Include="monsters\m_flyer.h">
      <Filter>monsters</Filter>
    </ClInclude>
    <ClInclude Include="monsters\m_gekk.h">
      <Filter>monsters</Filter>
    </ClInclude>
    <ClInclude Include="monsters\m_gladiator.h">
      <Filter>monsters</Filter>
    </ClInclude>
    <ClInclude Include="monsters\m_guardian.h">
      <Filter>monsters</Filter>
    </ClInclude>
    <ClInclude Include="monsters\m_gunner.h">
      <Filter>monsters</Filter>
    </ClInclude>
    <ClInclude Include="monsters\m_hover.h">
      <Filter>monsters</Filter>
    </ClInclude>
    <ClInclude Include="monsters\m_infantry.h">
      <Filter>monsters</Filter>
    </ClInclude>
    <ClInclude Include="monsters\m_insane.h">
      <Filter>monsters</Filter>
    </ClInclude>
    <ClInclude Include="monsters\m_medic.h">
      <Filter>monsters</Filter>
    </ClInclude>
    <ClInclude Include="monsters\m_mutant.h">
      <Filter>monsters</Filter>
    </ClInclude>
    <ClInclude Include="monsters\m_parasite.h">
      <Filter>monsters</Filter>
    </ClInclude>
    <ClInclude Include="monsters\m_player.h">
      <Filter>monsters</Filter>
    </ClInclude>
    <ClInclude Include="monsters\m_rider.h">
      <Filter>monsters</Filter>
    </ClInclude>
    <ClInclude Include="monsters\m_shambler.h">
      <Filter>monsters</Filter>
    </ClInclude>
    <ClInclude Include="monsters\m_soldier.h">
      <Filter>monsters</Filter>
    </ClInclude>
    <ClInclude Include="monsters\m_stalker.h">
      <Filter>monsters</Filter>
    </ClInclude>
    <ClInclude Include="monsters\m_supertank.h">
      <Filter>monsters</Filter>
    </ClInclude>
    <ClInclude Include="monsters\m_tank.h">
      <Filter>monsters</Filter>
    </ClInclude>
    <ClInclude Include="monsters\m_turret.h">
      <Filter>monsters</Filter>
    </ClInclude>
    <ClInclude Include="monsters\m_widow.h">
      <Filter>monsters</Filter>
    </ClInclude>
    <ClInclude Include="monsters\m_widow2.h">
      <Filter>monsters</Filter>
    </ClInclude>
    <ClInclude Include="p_menu.h" />
  </ItemGroup>
  <ItemGroup>
    <ClCompile Include="cg_main.cpp" />
    <ClCompile Include="cg_screen.cpp" />
    <ClCompile Include="g_ai.cpp" />
    <ClCompile Include="g_chase.cpp" />
    <ClCompile Include="g_cmds.cpp" />
    <ClCompile Include="g_combat.cpp" />
    <ClCompile Include="g_func.cpp" />
    <ClCompile Include="g_items.cpp" />
    <ClCompile Include="g_main.cpp" />
    <ClCompile Include="g_misc.cpp" />
    <ClCompile Include="g_monster.cpp" />
    <ClCompile Include="g_phys.cpp" />
    <ClCompile Include="g_save.cpp" />
    <ClCompile Include="g_spawn.cpp" />
    <ClCompile Include="g_svcmds.cpp" />
    <ClCompile Include="g_target.cpp" />
    <ClCompile Include="g_trigger.cpp" />
    <ClCompile Include="g_turret.cpp" />
    <ClCompile Include="g_utils.cpp" />
    <ClCompile Include="g_weapon.cpp" />
    <ClCompile Include="p_client.cpp" />
    <ClCompile Include="p_hud.cpp" />
    <ClCompile Include="p_move.cpp" />
    <ClCompile Include="p_trail.cpp" />
    <ClCompile Include="p_view.cpp" />
    <ClCompile Include="p_weapon.cpp" />
    <ClCompile Include="q_std.cpp" />
    <ClCompile Include="bots\bot_debug.cpp">
      <Filter>bots</Filter>
    </ClCompile>
    <ClCompile Include="bots\bot_exports.cpp">
      <Filter>bots</Filter>
    </ClCompile>
    <ClCompile Include="bots\bot_think.cpp">
      <Filter>bots</Filter>
    </ClCompile>
    <ClCompile Include="bots\bot_utils.cpp">
      <Filter>bots</Filter>
    </ClCompile>
    <ClCompile Include="g_ai_new.cpp" />
    <ClCompile Include="g_monster_spawn.cpp" />
    <ClCompile Include="monsters\m_actor.cpp">
      <Filter>monsters</Filter>
    </ClCompile>
    <ClCompile Include="monsters\m_arachnid.cpp">
      <Filter>monsters</Filter>
    </ClCompile>
    <ClCompile Include="monsters\m_berserk.cpp">
      <Filter>monsters</Filter>
    </ClCompile>
    <ClCompile Include="monsters\m_boss2.cpp">
      <Filter>monsters</Filter>
    </ClCompile>
    <ClCompile Include="monsters\m_boss3.cpp">
      <Filter>monsters</Filter>
    </ClCompile>
    <ClCompile Include="monsters\m_boss31.cpp">
      <Filter>monsters</Filter>
    </ClCompile>
    <ClCompile Include="monsters\m_boss32.cpp">
      <Filter>monsters</Filter>
    </ClCompile>
    <ClCompile Include="monsters\m_brain.cpp">
      <Filter>monsters</Filter>
    </ClCompile>
    <ClCompile Include="monsters\m_carrier.cpp">
      <Filter>monsters</Filter>
    </ClCompile>
    <ClCompile Include="monsters\m_chick.cpp">
      <Filter>monsters</Filter>
    </ClCompile>
    <ClCompile Include="monsters\m_fixbot.cpp">
      <Filter>monsters</Filter>
    </ClCompile>
    <ClCompile Include="monsters\m_flipper.cpp">
      <Filter>monsters</Filter>
    </ClCompile>
    <ClCompile Include="monsters\m_float.cpp">
      <Filter>monsters</Filter>
    </ClCompile>
    <ClCompile Include="monsters\m_flyer.cpp">
      <Filter>monsters</Filter>
    </ClCompile>
    <ClCompile Include="monsters\m_gekk.cpp">
      <Filter>monsters</Filter>
    </ClCompile>
    <ClCompile Include="monsters\m_gladiator.cpp">
      <Filter>monsters</Filter>
    </ClCompile>
    <ClCompile Include="monsters\m_guardian.cpp">
      <Filter>monsters</Filter>
    </ClCompile>
    <ClCompile Include="monsters\m_guncmdr.cpp">
      <Filter>monsters</Filter>
    </ClCompile>
    <ClCompile Include="monsters\m_gunner.cpp">
      <Filter>monsters</Filter>
    </ClCompile>
    <ClCompile Include="monsters\m_hover.cpp">
      <Filter>monsters</Filter>
    </ClCompile>
    <ClCompile Include="monsters\m_infantry.cpp">
      <Filter>monsters</Filter>
    </ClCompile>
    <ClCompile Include="monsters\m_insane.cpp">
      <Filter>monsters</Filter>
    </ClCompile>
    <ClCompile Include="monsters\m_medic.cpp">
      <Filter>monsters</Filter>
    </ClCompile>
    <ClCompile Include="monsters\m_move.cpp">
      <Filter>monsters</Filter>
    </ClCompile>
    <ClCompile Include="monsters\m_mutant.cpp">
      <Filter>monsters</Filter>
    </ClCompile>
    <ClCompile Include="monsters\m_parasite.cpp">
      <Filter>monsters</Filter>
    </ClCompile>
    <ClCompile Include="monsters\m_shambler.cpp">
      <Filter>monsters</Filter>
    </ClCompile>
    <ClCompile Include="monsters\m_soldier.cpp">
      <Filter>monsters</Filter>
    </ClCompile>
    <ClCompile Include="monsters\m_stalker.cpp">
      <Filter>monsters</Filter>
    </ClCompile>
    <ClCompile Include="monsters\m_supertank.cpp">
      <Filter>monsters</Filter>
    </ClCompile>
    <ClCompile Include="monsters\m_tank.cpp">
      <Filter>monsters</Filter>
    </ClCompile>
    <ClCompile Include="monsters\m_turret.cpp">
      <Filter>monsters</Filter>
    </ClCompile>
    <ClCompile Include="monsters\m_widow.cpp">
      <Filter>monsters</Filter>
    </ClCompile>
    <ClCompile Include="monsters\m_widow2.cpp">
      <Filter>monsters</Filter>
    </ClCompile>
    <ClCompile Include="p_menu.cpp" />
    <ClCompile Include="g_menu.cpp" />
    <ClCompile Include="g_ctf.cpp" />
  </ItemGroup>
  <ItemGroup>
    <Filter Include="bots">
      <UniqueIdentifier>{185665ce-b604-4d9a-b22b-02a83797d112}</UniqueIdentifier>
    </Filter>
    <Filter Include="monsters">
      <UniqueIdentifier>{14e9d741-abb2-49e4-ad94-ca4aee1ffa62}</UniqueIdentifier>
    </Filter>
  </ItemGroup>
</Project>